<?xml version="1.0" encoding="utf-8"?>
<Project ToolsVersion="4.0" xmlns="http://schemas.microsoft.com/developer/msbuild/2003">
  <ItemGroup>
    <ClCompile Include="Source\TraceParsedFidIterator.cpp">
      <Filter>Source Files</Filter>
    </ClCompile>
    <ClCompile Include="Source\ParsedFidIterator.cpp">
      <Filter>Source Files</Filter>
    </ClCompile>
    <ClCompile Include="Source\MsgObject.cpp">
      <Filter>Source Files</Filter>
    </ClCompile>
    <ClCompile Include="Source\fidDatabase.cpp">
      <Filter>Source Files</Filter>
    </ClCompile>
  </ItemGroup>
  <ItemGroup>
    <ClInclude Include="Include\Currency.h">
      <Filter>Header Files</Filter>
    </ClInclude>
    <ClInclude Include="Include\Definition.h">
      <Filter>Header Files</Filter>
    </ClInclude>
    <ClInclude Include="Include\market.h">
      <Filter>Header Files</Filter>
    </ClInclude>
    <ClInclude Include="Include\MsgObject.h">
      <Filter>Header Files</Filter>
    </ClInclude>
    <ClInclude Include="Include\ParsedFidIterator.h">
      <Filter>Header Files</Filter>
    </ClInclude>
    <ClInclude Include="Include\TraceParsedFidIterator.h">
      <Filter>Header Files</Filter>
    </ClInclude>
  </ItemGroup>
  <ItemGroup>
    <CustomBuild Include="Data\DefTable.txt" />
    <CustomBuild Include="readme.txt" />
  </ItemGroup>
  <ItemGroup>
    <Filter Include="Resource Files">
      <UniqueIdentifier>{4d38e020-9cac-40da-9ab4-6e63c8090702}</UniqueIdentifier>
    </Filter>
    <Filter Include="Header Files">
      <UniqueIdentifier>{83f18d75-eac8-44a6-a2f7-5bcc7fba659d}</UniqueIdentifier>
    </Filter>
    <Filter Include="Source Files">
      <UniqueIdentifier>{a9eeb9ac-a223-4cf0-81f6-cad328673dcc}</UniqueIdentifier>
    </Filter>
  </ItemGroup>
  <ItemGroup>
    <ResourceCompile Include="MsgObject.rc">
      <Filter>Resource Files</Filter>
    </ResourceCompile>
  </ItemGroup>
</Project>