
Microsoft Visual Studio Solution File, Format Version 12.00
# Visual Studio 2013
VisualStudioVersion = 12.0.21005.1
MinimumVisualStudioVersion = 10.0.40219.1
Project("{8BC9CEB8-8B4A-11D0-8D11-00A0C91BC942}") = "NewCoreSFTPDP", "NewCoreSFTPDP.vcxproj", "{A36E0FFA-7E23-4ED4-A73D-71A954B6C5FE}"
EndProject
Project("{8BC9CEB8-8B4A-11D0-8D11-00A0C91BC942}") = "ApplManClient", "..\..\..\Lib\ApplManClient\Int\ApplManClient.vcxproj", "{AA8B32AD-46BB-4F94-97A6-A644BE40AD98}"
EndProject
Project("{8BC9CEB8-8B4A-11D0-8D11-00A0C91BC942}") = "DataCtrl", "..\..\..\Lib\DataCtrl\Int\DataCtrl.vcxproj", "{0B5BAB80-DD6F-3FD9-6905-6464AE122554}"
EndProject
Project("{8BC9CEB8-8B4A-11D0-8D11-00A0C91BC942}") = "DCache", "..\..\..\Lib\DCache\Int\DCache.vcxproj", "{9714220D-8529-42BC-8B1F-0AC74B783F5B}"
EndProject
Project("{8BC9CEB8-8B4A-11D0-8D11-00A0C91BC942}") = "MsgObject", "..\..\..\Lib\MsgObject\Int\MsgObject.vcxproj", "{7F065B0D-30E7-4862-BDFE-E09562E41EA0}"
EndProject
Project("{8BC9CEB8-8B4A-11D0-8D11-00A0C91BC942}") = "SFTPCtrl", "..\..\..\Lib\SFTPCtrl\Int\SFTPCtrl.vcxproj", "{D0C9222F-E816-49A7-85A3-B12AB5AAA69B}"
EndProject
Project("{8BC9CEB8-8B4A-11D0-8D11-00A0C91BC942}") = "SystemServices", "..\..\..\Lib\SystemServices\Int\SystemServices.vcxproj", "{56BA4EFC-1892-42FC-89C1-49DEAA161957}"
EndProject
Global
	GlobalSection(SolutionConfigurationPlatforms) = preSolution
		Debug|Win32 = Debug|Win32
		Debug|x64 = Debug|x64
		Release RSTS|Win32 = Release RSTS|Win32
		Release RSTS|x64 = Release RSTS|x64
		Release XP|Win32 = Release XP|Win32
		Release XP|x64 = Release XP|x64
		Release|Win32 = Release|Win32
		Release|x64 = Release|x64
		Template|Win32 = Template|Win32
		Template|x64 = Template|x64
	EndGlobalSection
	GlobalSection(ProjectConfigurationPlatforms) = postSolution
		{A36E0FFA-7E23-4ED4-A73D-71A954B6C5FE}.Debug|Win32.ActiveCfg = Debug|Win32
		{A36E0FFA-7E23-4ED4-A73D-71A954B6C5FE}.Debug|Win32.Build.0 = Debug|Win32
		{A36E0FFA-7E23-4ED4-A73D-71A954B6C5FE}.Debug|x64.ActiveCfg = Debug|Win32
		{A36E0FFA-7E23-4ED4-A73D-71A954B6C5FE}.Release RSTS|Win32.ActiveCfg = Release|Win32
		{A36E0FFA-7E23-4ED4-A73D-71A954B6C5FE}.Release RSTS|Win32.Build.0 = Release|Win32
		{A36E0FFA-7E23-4ED4-A73D-71A954B6C5FE}.Release RSTS|x64.ActiveCfg = Release|Win32
		{A36E0FFA-7E23-4ED4-A73D-71A954B6C5FE}.Release XP|Win32.ActiveCfg = Release|Win32
		{A36E0FFA-7E23-4ED4-A73D-71A954B6C5FE}.Release XP|Win32.Build.0 = Release|Win32
		{A36E0FFA-7E23-4ED4-A73D-71A954B6C5FE}.Release XP|x64.ActiveCfg = Release|Win32
		{A36E0FFA-7E23-4ED4-A73D-71A954B6C5FE}.Release|Win32.ActiveCfg = Release|Win32
		{A36E0FFA-7E23-4ED4-A73D-71A954B6C5FE}.Release|Win32.Build.0 = Release|Win32
		{A36E0FFA-7E23-4ED4-A73D-71A954B6C5FE}.Release|x64.ActiveCfg = Release|Win32
		{A36E0FFA-7E23-4ED4-A73D-71A954B6C5FE}.Template|Win32.ActiveCfg = Release|Win32
		{A36E0FFA-7E23-4ED4-A73D-71A954B6C5FE}.Template|Win32.Build.0 = Release|Win32
		{A36E0FFA-7E23-4ED4-A73D-71A954B6C5FE}.Template|x64.ActiveCfg = Release|Win32
		{AA8B32AD-46BB-4F94-97A6-A644BE40AD98}.Debug|Win32.ActiveCfg = Debug|Win32
		{AA8B32AD-46BB-4F94-97A6-A644BE40AD98}.Debug|Win32.Build.0 = Debug|Win32
		{AA8B32AD-46BB-4F94-97A6-A644BE40AD98}.Debug|x64.ActiveCfg = Debug|x64
		{AA8B32AD-46BB-4F94-97A6-A644BE40AD98}.Debug|x64.Build.0 = Debug|x64
		{AA8B32AD-46BB-4F94-97A6-A644BE40AD98}.Release RSTS|Win32.ActiveCfg = Release XP|Win32
		{AA8B32AD-46BB-4F94-97A6-A644BE40AD98}.Release RSTS|Win32.Build.0 = Release XP|Win32
		{AA8B32AD-46BB-4F94-97A6-A644BE40AD98}.Release RSTS|x64.ActiveCfg = Release XP|x64
		{AA8B32AD-46BB-4F94-97A6-A644BE40AD98}.Release RSTS|x64.Build.0 = Release XP|x64
		{AA8B32AD-46BB-4F94-97A6-A644BE40AD98}.Release XP|Win32.ActiveCfg = Release XP|Win32
		{AA8B32AD-46BB-4F94-97A6-A644BE40AD98}.Release XP|Win32.Build.0 = Release XP|Win32
		{AA8B32AD-46BB-4F94-97A6-A644BE40AD98}.Release XP|x64.ActiveCfg = Release XP|x64
		{AA8B32AD-46BB-4F94-97A6-A644BE40AD98}.Release XP|x64.Build.0 = Release XP|x64
		{AA8B32AD-46BB-4F94-97A6-A644BE40AD98}.Release|Win32.ActiveCfg = Release|Win32
		{AA8B32AD-46BB-4F94-97A6-A644BE40AD98}.Release|Win32.Build.0 = Release|Win32
		{AA8B32AD-46BB-4F94-97A6-A644BE40AD98}.Release|x64.ActiveCfg = Release|x64
		{AA8B32AD-46BB-4F94-97A6-A644BE40AD98}.Release|x64.Build.0 = Release|x64
		{AA8B32AD-46BB-4F94-97A6-A644BE40AD98}.Template|Win32.ActiveCfg = Release XP|Win32
		{AA8B32AD-46BB-4F94-97A6-A644BE40AD98}.Template|Win32.Build.0 = Release XP|Win32
		{AA8B32AD-46BB-4F94-97A6-A644BE40AD98}.Template|x64.ActiveCfg = Release XP|x64
		{AA8B32AD-46BB-4F94-97A6-A644BE40AD98}.Template|x64.Build.0 = Release XP|x64
		{0B5BAB80-DD6F-3FD9-6905-6464AE122554}.Debug|Win32.ActiveCfg = Debug|Win32
		{0B5BAB80-DD6F-3FD9-6905-6464AE122554}.Debug|Win32.Build.0 = Debug|Win32
		{0B5BAB80-DD6F-3FD9-6905-6464AE122554}.Debug|x64.ActiveCfg = Debug|x64
		{0B5BAB80-DD6F-3FD9-6905-6464AE122554}.Debug|x64.Build.0 = Debug|x64
		{0B5BAB80-DD6F-3FD9-6905-6464AE122554}.Release RSTS|Win32.ActiveCfg = Release RSTS|Win32
		{0B5BAB80-DD6F-3FD9-6905-6464AE122554}.Release RSTS|Win32.Build.0 = Release RSTS|Win32
		{0B5BAB80-DD6F-3FD9-6905-6464AE122554}.Release RSTS|x64.ActiveCfg = Release RSTS|x64
		{0B5BAB80-DD6F-3FD9-6905-6464AE122554}.Release RSTS|x64.Build.0 = Release RSTS|x64
		{0B5BAB80-DD6F-3FD9-6905-6464AE122554}.Release XP|Win32.ActiveCfg = Release XP|Win32
		{0B5BAB80-DD6F-3FD9-6905-6464AE122554}.Release XP|Win32.Build.0 = Release XP|Win32
		{0B5BAB80-DD6F-3FD9-6905-6464AE122554}.Release XP|x64.ActiveCfg = Release XP|x64
		{0B5BAB80-DD6F-3FD9-6905-6464AE122554}.Release XP|x64.Build.0 = Release XP|x64
		{0B5BAB80-DD6F-3FD9-6905-6464AE122554}.Release|Win32.ActiveCfg = Release|Win32
		{0B5BAB80-DD6F-3FD9-6905-6464AE122554}.Release|Win32.Build.0 = Release|Win32
		{0B5BAB80-DD6F-3FD9-6905-6464AE122554}.Release|x64.ActiveCfg = Release|x64
		{0B5BAB80-DD6F-3FD9-6905-6464AE122554}.Release|x64.Build.0 = Release|x64
		{0B5BAB80-DD6F-3FD9-6905-6464AE122554}.Template|Win32.ActiveCfg = Template|Win32
		{0B5BAB80-DD6F-3FD9-6905-6464AE122554}.Template|Win32.Build.0 = Template|Win32
		{0B5BAB80-DD6F-3FD9-6905-6464AE122554}.Template|x64.ActiveCfg = Template|x64
		{0B5BAB80-DD6F-3FD9-6905-6464AE122554}.Template|x64.Build.0 = Template|x64
		{9714220D-8529-42BC-8B1F-0AC74B783F5B}.Debug|Win32.ActiveCfg = Debug|Win32
		{9714220D-8529-42BC-8B1F-0AC74B783F5B}.Debug|Win32.Build.0 = Debug|Win32
		{9714220D-8529-42BC-8B1F-0AC74B783F5B}.Debug|x64.ActiveCfg = Debug|x64
		{9714220D-8529-42BC-8B1F-0AC74B783F5B}.Debug|x64.Build.0 = Debug|x64
		{9714220D-8529-42BC-8B1F-0AC74B783F5B}.Release RSTS|Win32.ActiveCfg = Release RSTS|Win32
		{9714220D-8529-42BC-8B1F-0AC74B783F5B}.Release RSTS|Win32.Build.0 = Release RSTS|Win32
		{9714220D-8529-42BC-8B1F-0AC74B783F5B}.Release RSTS|x64.ActiveCfg = Release RSTS|x64
		{9714220D-8529-42BC-8B1F-0AC74B783F5B}.Release RSTS|x64.Build.0 = Release RSTS|x64
		{9714220D-8529-42BC-8B1F-0AC74B783F5B}.Release XP|Win32.ActiveCfg = Release XP|Win32
		{9714220D-8529-42BC-8B1F-0AC74B783F5B}.Release XP|Win32.Build.0 = Release XP|Win32
		{9714220D-8529-42BC-8B1F-0AC74B783F5B}.Release XP|x64.ActiveCfg = Release XP|x64
		{9714220D-8529-42BC-8B1F-0AC74B783F5B}.Release XP|x64.Build.0 = Release XP|x64
		{9714220D-8529-42BC-8B1F-0AC74B783F5B}.Release|Win32.ActiveCfg = Release|Win32
		{9714220D-8529-42BC-8B1F-0AC74B783F5B}.Release|Win32.Build.0 = Release|Win32
		{9714220D-8529-42BC-8B1F-0AC74B783F5B}.Release|x64.ActiveCfg = Release|x64
		{9714220D-8529-42BC-8B1F-0AC74B783F5B}.Release|x64.Build.0 = Release|x64
		{9714220D-8529-42BC-8B1F-0AC74B783F5B}.Template|Win32.ActiveCfg = Release XP|Win32
		{9714220D-8529-42BC-8B1F-0AC74B783F5B}.Template|Win32.Build.0 = Release XP|Win32
		{9714220D-8529-42BC-8B1F-0AC74B783F5B}.Template|x64.ActiveCfg = Release XP|x64
		{9714220D-8529-42BC-8B1F-0AC74B783F5B}.Template|x64.Build.0 = Release XP|x64
		{7F065B0D-30E7-4862-BDFE-E09562E41EA0}.Debug|Win32.ActiveCfg = Debug|Win32
		{7F065B0D-30E7-4862-BDFE-E09562E41EA0}.Debug|Win32.Build.0 = Debug|Win32
		{7F065B0D-30E7-4862-BDFE-E09562E41EA0}.Debug|x64.ActiveCfg = Debug|x64
		{7F065B0D-30E7-4862-BDFE-E09562E41EA0}.Debug|x64.Build.0 = Debug|x64
		{7F065B0D-30E7-4862-BDFE-E09562E41EA0}.Release RSTS|Win32.ActiveCfg = Release RSTS|Win32
		{7F065B0D-30E7-4862-BDFE-E09562E41EA0}.Release RSTS|Win32.Build.0 = Release RSTS|Win32
		{7F065B0D-30E7-4862-BDFE-E09562E41EA0}.Release RSTS|x64.ActiveCfg = Release RSTS|x64
		{7F065B0D-30E7-4862-BDFE-E09562E41EA0}.Release RSTS|x64.Build.0 = Release RSTS|x64
		{7F065B0D-30E7-4862-BDFE-E09562E41EA0}.Release XP|Win32.ActiveCfg = Release XP|Win32
		{7F065B0D-30E7-4862-BDFE-E09562E41EA0}.Release XP|Win32.Build.0 = Release XP|Win32
		{7F065B0D-30E7-4862-BDFE-E09562E41EA0}.Release XP|x64.ActiveCfg = Release XP|x64
		{7F065B0D-30E7-4862-BDFE-E09562E41EA0}.Release XP|x64.Build.0 = Release XP|x64
		{7F065B0D-30E7-4862-BDFE-E09562E41EA0}.Release|Win32.ActiveCfg = Release|Win32
		{7F065B0D-30E7-4862-BDFE-E09562E41EA0}.Release|Win32.Build.0 = Release|Win32
		{7F065B0D-30E7-4862-BDFE-E09562E41EA0}.Release|x64.ActiveCfg = Release|x64
		{7F065B0D-30E7-4862-BDFE-E09562E41EA0}.Release|x64.Build.0 = Release|x64
		{7F065B0D-30E7-4862-BDFE-E09562E41EA0}.Template|Win32.ActiveCfg = Release XP|Win32
		{7F065B0D-30E7-4862-BDFE-E09562E41EA0}.Template|Win32.Build.0 = Release XP|Win32
		{7F065B0D-30E7-4862-BDFE-E09562E41EA0}.Template|x64.ActiveCfg = Release XP|x64
		{7F065B0D-30E7-4862-BDFE-E09562E41EA0}.Template|x64.Build.0 = Release XP|x64
		{D0C9222F-E816-49A7-85A3-B12AB5AAA69B}.Debug|Win32.ActiveCfg = Debug|Win32
		{D0C9222F-E816-49A7-85A3-B12AB5AAA69B}.Debug|Win32.Build.0 = Debug|Win32
		{D0C9222F-E816-49A7-85A3-B12AB5AAA69B}.Debug|x64.ActiveCfg = Debug|Win32
		{D0C9222F-E816-49A7-85A3-B12AB5AAA69B}.Release RSTS|Win32.ActiveCfg = Release|Win32
		{D0C9222F-E816-49A7-85A3-B12AB5AAA69B}.Release RSTS|Win32.Build.0 = Release|Win32
		{D0C9222F-E816-49A7-85A3-B12AB5AAA69B}.Release RSTS|x64.ActiveCfg = Release|Win32
		{D0C9222F-E816-49A7-85A3-B12AB5AAA69B}.Release XP|Win32.ActiveCfg = Release|Win32
		{D0C9222F-E816-49A7-85A3-B12AB5AAA69B}.Release XP|Win32.Build.0 = Release|Win32
		{D0C9222F-E816-49A7-85A3-B12AB5AAA69B}.Release XP|x64.ActiveCfg = Release|Win32
		{D0C9222F-E816-49A7-85A3-B12AB5AAA69B}.Release|Win32.ActiveCfg = Release|Win32
		{D0C9222F-E816-49A7-85A3-B12AB5AAA69B}.Release|Win32.Build.0 = Release|Win32
		{D0C9222F-E816-49A7-85A3-B12AB5AAA69B}.Release|x64.ActiveCfg = Release|Win32
		{D0C9222F-E816-49A7-85A3-B12AB5AAA69B}.Template|Win32.ActiveCfg = Release|Win32
		{D0C9222F-E816-49A7-85A3-B12AB5AAA69B}.Template|Win32.Build.0 = Release|Win32
		{D0C9222F-E816-49A7-85A3-B12AB5AAA69B}.Template|x64.ActiveCfg = Release|Win32
		{56BA4EFC-1892-42FC-89C1-49DEAA161957}.Debug|Win32.ActiveCfg = Debug|Win32
		{56BA4EFC-1892-42FC-89C1-49DEAA161957}.Debug|Win32.Build.0 = Debug|Win32
		{56BA4EFC-1892-42FC-89C1-49DEAA161957}.Debug|x64.ActiveCfg = Debug|x64
		{56BA4EFC-1892-42FC-89C1-49DEAA161957}.Debug|x64.Build.0 = Debug|x64
		{56BA4EFC-1892-42FC-89C1-49DEAA161957}.Release RSTS|Win32.ActiveCfg = Release|Win32
		{56BA4EFC-1892-42FC-89C1-49DEAA161957}.Release RSTS|Win32.Build.0 = Release|Win32
		{56BA4EFC-1892-42FC-89C1-49DEAA161957}.Release RSTS|x64.ActiveCfg = Release|x64
		{56BA4EFC-1892-42FC-89C1-49DEAA161957}.Release RSTS|x64.Build.0 = Release|x64
		{56BA4EFC-1892-42FC-89C1-49DEAA161957}.Release XP|Win32.ActiveCfg = Release|Win32
		{56BA4EFC-1892-42FC-89C1-49DEAA161957}.Release XP|Win32.Build.0 = Release|Win32
		{56BA4EFC-1892-42FC-89C1-49DEAA161957}.Release XP|x64.ActiveCfg = Release|x64
		{56BA4EFC-1892-42FC-89C1-49DEAA161957}.Release XP|x64.Build.0 = Release|x64
		{56BA4EFC-1892-42FC-89C1-49DEAA161957}.Release|Win32.ActiveCfg = Release|Win32
		{56BA4EFC-1892-42FC-89C1-49DEAA161957}.Release|Win32.Build.0 = Release|Win32
		{56BA4EFC-1892-42FC-89C1-49DEAA161957}.Release|x64.ActiveCfg = Release|x64
		{56BA4EFC-1892-42FC-89C1-49DEAA161957}.Release|x64.Build.0 = Release|x64
		{56BA4EFC-1892-42FC-89C1-49DEAA161957}.Template|Win32.ActiveCfg = Release|Win32
		{56BA4EFC-1892-42FC-89C1-49DEAA161957}.Template|Win32.Build.0 = Release|Win32
		{56BA4EFC-1892-42FC-89C1-49DEAA161957}.Template|x64.ActiveCfg = Release|x64
		{56BA4EFC-1892-42FC-89C1-49DEAA161957}.Template|x64.Build.0 = Release|x64
	EndGlobalSection
	GlobalSection(SolutionProperties) = preSolution
		HideSolutionNode = FALSE
	EndGlobalSection
EndGlobal
