<?xml version="1.0" encoding="utf-8"?>
<Project ToolsVersion="4.0" xmlns="http://schemas.microsoft.com/developer/msbuild/2003">
  <ItemGroup>
    <Filter Include="Source Files">
      <UniqueIdentifier>{f9ee813b-2c37-4936-bc5f-3a252d290bd9}</UniqueIdentifier>
      <Extensions>cpp;c;cxx;rc;def;r;odl;idl;hpj;bat</Extensions>
    </Filter>
    <Filter Include="Header Files">
      <UniqueIdentifier>{efee0474-4a8e-4062-8730-87a3dd20cf4b}</UniqueIdentifier>
      <Extensions>h;hpp;hxx;hm;inl</Extensions>
    </Filter>
    <Filter Include="Resource Files">
      <UniqueIdentifier>{44118a05-7e64-4a0f-974b-4163033eb5f5}</UniqueIdentifier>
      <Extensions>ico;cur;bmp;dlg;rc2;rct;bin;rgs;gif;jpg;jpeg;jpe</Extensions>
    </Filter>
  </ItemGroup>
  <ItemGroup>
    <ClCompile Include="Source\Callback.cpp">
      <Filter>Source Files</Filter>
    </ClCompile>
    <ClCompile Include="Source\Dcache.cpp">
      <Filter>Source Files</Filter>
    </ClCompile>
    <ClCompile Include="Source\DCacheFidIterator.cpp">
      <Filter>Source Files</Filter>
    </ClCompile>
    <ClCompile Include="Source\Page.cpp">
      <Filter>Source Files</Filter>
    </ClCompile>
    <ClCompile Include="Source\PageList.cpp">
      <Filter>Source Files</Filter>
    </ClCompile>
    <ClCompile Include="Source\ServerSoc.cpp">
      <Filter>Source Files</Filter>
    </ClCompile>
    <ClCompile Include="Source\Sink.cpp">
      <Filter>Source Files</Filter>
    </ClCompile>
    <ClCompile Include="Source\Soc.cpp">
      <Filter>Source Files</Filter>
    </ClCompile>
    <ClCompile Include="Source\Source.cpp">
      <Filter>Source Files</Filter>
    </ClCompile>
    <ClCompile Include="Source\StdAfx.cpp">
      <Filter>Source Files</Filter>
    </ClCompile>
    <ClCompile Include="Source\WriteDataThread.cpp">
      <Filter>Source Files</Filter>
    </ClCompile>
    <ClCompile Include="Source\JCriticalSection.cpp">
      <Filter>Source Files</Filter>
    </ClCompile>
  </ItemGroup>
  <ItemGroup>
    <ClInclude Include="Include\Callback.h">
      <Filter>Header Files</Filter>
    </ClInclude>
    <ClInclude Include="Include\Dcache.h">
      <Filter>Header Files</Filter>
    </ClInclude>
    <ClInclude Include="Include\DCacheFidIterator.h">
      <Filter>Header Files</Filter>
    </ClInclude>
    <ClInclude Include="Include\lzoconf.h">
      <Filter>Header Files</Filter>
    </ClInclude>
    <ClInclude Include="Include\lzodefs.h">
      <Filter>Header Files</Filter>
    </ClInclude>
    <ClInclude Include="Include\Page.h">
      <Filter>Header Files</Filter>
    </ClInclude>
    <ClInclude Include="Include\PageList.h">
      <Filter>Header Files</Filter>
    </ClInclude>
    <ClInclude Include="Include\ServerSoc.h">
      <Filter>Header Files</Filter>
    </ClInclude>
    <ClInclude Include="Include\Sink.h">
      <Filter>Header Files</Filter>
    </ClInclude>
    <ClInclude Include="Include\Soc.h">
      <Filter>Header Files</Filter>
    </ClInclude>
    <ClInclude Include="Include\Source.h">
      <Filter>Header Files</Filter>
    </ClInclude>
    <ClInclude Include="Include\StdAfx.h">
      <Filter>Header Files</Filter>
    </ClInclude>
    <ClInclude Include="Include\WriteDataThread.h">
      <Filter>Header Files</Filter>
    </ClInclude>
    <ClInclude Include="Include\JCriticalSection.h">
      <Filter>Header Files</Filter>
    </ClInclude>
  </ItemGroup>
  <ItemGroup>
    <None Include="ReadMe.txt" />
  </ItemGroup>
  <ItemGroup>
    <ResourceCompile Include="include\DCache.rc">
      <Filter>Resource Files</Filter>
    </ResourceCompile>
  </ItemGroup>
</Project>