
Microsoft Visual Studio Solution File, Format Version 11.00
# Visual Studio 2010
Project("{8BC9CEB8-8B4A-11D0-8D11-00A0C91BC942}") = "ApplManClient", "..\..\ApplManClient\Int\ApplManClient.vcxproj", "{098D87D1-400A-4506-7DE4-D2AA2DDCBADC}"
	ProjectSection(ProjectDependencies) = postProject
		{E2BAABEC-DDCE-2509-9B42-C679B2F20DE2} = {E2BAABEC-DDCE-2509-9B42-C679B2F20DE2}
	EndProjectSection
EndProject
Project("{8BC9CEB8-8B4A-11D0-8D11-00A0C91BC942}") = "DCache", "DCache.vcxproj", "{9714220D-8529-42BC-8B1F-0AC74B783F5B}"
	ProjectSection(ProjectDependencies) = postProject
		{4EFC01A3-266D-81EB-E07E-3682EBA440F3} = {4EFC01A3-266D-81EB-E07E-3682EBA440F3}
		{E2BAABEC-DDCE-2509-9B42-C679B2F20DE2} = {E2BAABEC-DDCE-2509-9B42-C679B2F20DE2}
		{098D87D1-400A-4506-7DE4-D2AA2DDCBADC} = {098D87D1-400A-4506-7DE4-D2AA2DDCBADC}
	EndProjectSection
EndProject
Project("{8BC9CEB8-8B4A-11D0-8D11-00A0C91BC942}") = "DataCtrl", "..\..\DataCtrl\Int\DataCtrl.vcxproj", "{0B5BAB80-DD6F-3FD9-6905-6464AE122554}"
	ProjectSection(ProjectDependencies) = postProject
		{4EFC01A3-266D-81EB-E07E-3682EBA440F3} = {4EFC01A3-266D-81EB-E07E-3682EBA440F3}
		{E2BAABEC-DDCE-2509-9B42-C679B2F20DE2} = {E2BAABEC-DDCE-2509-9B42-C679B2F20DE2}
		{098D87D1-400A-4506-7DE4-D2AA2DDCBADC} = {098D87D1-400A-4506-7DE4-D2AA2DDCBADC}
	EndProjectSection
EndProject
Project("{059D6162-CD51-11D0-AE1F-00A0C90FFFC3}") = "DataManager", "..\..\DataManager\INT\DataManager.vcxproj", "{7B6083A5-C040-4E80-B61E-E4CFEB5F23D4}"
	ProjectSection(DevStudioProjDeps) = postProject
		0 = MsgObject
		1 = SystemServices
	EndProjectSection
EndProject
Project("{8BC9CEB8-8B4A-11D0-8D11-00A0C91BC942}") = "DcacheTools", "DcacheTools\DcacheTools.vcxproj", "{959B0ADE-781B-6F9D-B16D-F518B50A8D8D}"
	ProjectSection(ProjectDependencies) = postProject
		{098D87D1-400A-4506-7DE4-D2AA2DDCBADC} = {098D87D1-400A-4506-7DE4-D2AA2DDCBADC}
		{0B5BAB80-DD6F-3FD9-6905-6464AE122554} = {0B5BAB80-DD6F-3FD9-6905-6464AE122554}
		{7B6083A5-C040-4E80-B61E-E4CFEB5F23D4} = {7B6083A5-C040-4E80-B61E-E4CFEB5F23D4}
		{9714220D-8529-42BC-8B1F-0AC74B783F5B} = {9714220D-8529-42BC-8B1F-0AC74B783F5B}
		{4EFC01A3-266D-81EB-E07E-3682EBA440F3} = {4EFC01A3-266D-81EB-E07E-3682EBA440F3}
		{E2BAABEC-DDCE-2509-9B42-C679B2F20DE2} = {E2BAABEC-DDCE-2509-9B42-C679B2F20DE2}
		{E0C3D79E-BCC9-4745-B857-6DFCCDF54311} = {E0C3D79E-BCC9-4745-B857-6DFCCDF54311}
	EndProjectSection
EndProject
Project("{8BC9CEB8-8B4A-11D0-8D11-00A0C91BC942}") = "MsgObj", "..\..\MsgObject\Int\MsgObject.vcxproj", "{4EFC01A3-266D-81EB-E07E-3682EBA440F3}"
	ProjectSection(ProjectDependencies) = postProject
		{E2BAABEC-DDCE-2509-9B42-C679B2F20DE2} = {E2BAABEC-DDCE-2509-9B42-C679B2F20DE2}
	EndProjectSection
EndProject
Project("{8BC9CEB8-8B4A-11D0-8D11-00A0C91BC942}") = "QuoteListTools", "QuoteListTools\QuoteListTools.vcxproj", "{BF9C1C95-E777-B9B3-C106-E7FE87342FDC}"
EndProject
Project("{8BC9CEB8-8B4A-11D0-8D11-00A0C91BC942}") = "SystemServices", "..\..\SystemServices\Int\SystemServices.vcxproj", "{E2BAABEC-DDCE-2509-9B42-C679B2F20DE2}"
EndProject
Project("{059D6162-CD51-11D0-AE1F-00A0C90FFFC3}") = "TCPCtrl", "..\..\TCPCtrl\Int\TCPCtrl.vcxproj", "{E0C3D79E-BCC9-4745-B857-6DFCCDF54311}"
	ProjectSection(DevStudioProjDeps) = postProject
		0 = MsgObject
		1 = SystemServices
		2 = ApplManClient
	EndProjectSection
EndProject
Global
	GlobalSection(SolutionConfigurationPlatforms) = preSolution
		Debug|Win32 = Debug|Win32
		Release|Win32 = Release|Win32
		Template|Win32 = Template|Win32
	EndGlobalSection
	GlobalSection(ProjectConfigurationPlatforms) = postSolution
		{098D87D1-400A-4506-7DE4-D2AA2DDCBADC}.Debug|Win32.ActiveCfg = Debug|Win32
		{098D87D1-400A-4506-7DE4-D2AA2DDCBADC}.Debug|Win32.Build.0 = Debug|Win32
		{098D87D1-400A-4506-7DE4-D2AA2DDCBADC}.Release|Win32.ActiveCfg = Release|Win32
		{098D87D1-400A-4506-7DE4-D2AA2DDCBADC}.Release|Win32.Build.0 = Release|Win32
		{098D87D1-400A-4506-7DE4-D2AA2DDCBADC}.Template|Win32.ActiveCfg = Template|Win32
		{098D87D1-400A-4506-7DE4-D2AA2DDCBADC}.Template|Win32.Build.0 = Template|Win32
		{9714220D-8529-42BC-8B1F-0AC74B783F5B}.Debug|Win32.ActiveCfg = Debug|Win32
		{9714220D-8529-42BC-8B1F-0AC74B783F5B}.Debug|Win32.Build.0 = Debug|Win32
		{9714220D-8529-42BC-8B1F-0AC74B783F5B}.Release|Win32.ActiveCfg = Release|Win32
		{9714220D-8529-42BC-8B1F-0AC74B783F5B}.Release|Win32.Build.0 = Release|Win32
		{9714220D-8529-42BC-8B1F-0AC74B783F5B}.Template|Win32.ActiveCfg = Template|Win32
		{9714220D-8529-42BC-8B1F-0AC74B783F5B}.Template|Win32.Build.0 = Template|Win32
		{0B5BAB80-DD6F-3FD9-6905-6464AE122554}.Debug|Win32.ActiveCfg = Debug|Win32
		{0B5BAB80-DD6F-3FD9-6905-6464AE122554}.Debug|Win32.Build.0 = Debug|Win32
		{0B5BAB80-DD6F-3FD9-6905-6464AE122554}.Release|Win32.ActiveCfg = Release|Win32
		{0B5BAB80-DD6F-3FD9-6905-6464AE122554}.Release|Win32.Build.0 = Release|Win32
		{0B5BAB80-DD6F-3FD9-6905-6464AE122554}.Template|Win32.ActiveCfg = Template|Win32
		{0B5BAB80-DD6F-3FD9-6905-6464AE122554}.Template|Win32.Build.0 = Template|Win32
		{7B6083A5-C040-4E80-B61E-E4CFEB5F23D4}.Debug|Win32.ActiveCfg = Debug NoDongle|Win32
		{7B6083A5-C040-4E80-B61E-E4CFEB5F23D4}.Debug|Win32.Build.0 = Debug NoDongle|Win32
		{7B6083A5-C040-4E80-B61E-E4CFEB5F23D4}.Release|Win32.ActiveCfg = Release NoDongle|Win32
		{7B6083A5-C040-4E80-B61E-E4CFEB5F23D4}.Release|Win32.Build.0 = Release NoDongle|Win32
		{7B6083A5-C040-4E80-B61E-E4CFEB5F23D4}.Template|Win32.ActiveCfg = Template|Win32
		{7B6083A5-C040-4E80-B61E-E4CFEB5F23D4}.Template|Win32.Build.0 = Template|Win32
		{959B0ADE-781B-6F9D-B16D-F518B50A8D8D}.Debug|Win32.ActiveCfg = Debug|Win32
		{959B0ADE-781B-6F9D-B16D-F518B50A8D8D}.Debug|Win32.Build.0 = Debug|Win32
		{959B0ADE-781B-6F9D-B16D-F518B50A8D8D}.Release|Win32.ActiveCfg = Release|Win32
		{959B0ADE-781B-6F9D-B16D-F518B50A8D8D}.Release|Win32.Build.0 = Release|Win32
		{959B0ADE-781B-6F9D-B16D-F518B50A8D8D}.Template|Win32.ActiveCfg = Template|Win32
		{959B0ADE-781B-6F9D-B16D-F518B50A8D8D}.Template|Win32.Build.0 = Template|Win32
		{4EFC01A3-266D-81EB-E07E-3682EBA440F3}.Debug|Win32.ActiveCfg = Debug|Win32
		{4EFC01A3-266D-81EB-E07E-3682EBA440F3}.Debug|Win32.Build.0 = Debug|Win32
		{4EFC01A3-266D-81EB-E07E-3682EBA440F3}.Release|Win32.ActiveCfg = Release|Win32
		{4EFC01A3-266D-81EB-E07E-3682EBA440F3}.Release|Win32.Build.0 = Release|Win32
		{4EFC01A3-266D-81EB-E07E-3682EBA440F3}.Template|Win32.ActiveCfg = Template|Win32
		{4EFC01A3-266D-81EB-E07E-3682EBA440F3}.Template|Win32.Build.0 = Template|Win32
		{BF9C1C95-E777-B9B3-C106-E7FE87342FDC}.Debug|Win32.ActiveCfg = Debug|Win32
		{BF9C1C95-E777-B9B3-C106-E7FE87342FDC}.Debug|Win32.Build.0 = Debug|Win32
		{BF9C1C95-E777-B9B3-C106-E7FE87342FDC}.Release|Win32.ActiveCfg = Release|Win32
		{BF9C1C95-E777-B9B3-C106-E7FE87342FDC}.Release|Win32.Build.0 = Release|Win32
		{BF9C1C95-E777-B9B3-C106-E7FE87342FDC}.Template|Win32.ActiveCfg = Template|Win32
		{BF9C1C95-E777-B9B3-C106-E7FE87342FDC}.Template|Win32.Build.0 = Template|Win32
		{E2BAABEC-DDCE-2509-9B42-C679B2F20DE2}.Debug|Win32.ActiveCfg = Debug|Win32
		{E2BAABEC-DDCE-2509-9B42-C679B2F20DE2}.Debug|Win32.Build.0 = Debug|Win32
		{E2BAABEC-DDCE-2509-9B42-C679B2F20DE2}.Release|Win32.ActiveCfg = Release|Win32
		{E2BAABEC-DDCE-2509-9B42-C679B2F20DE2}.Release|Win32.Build.0 = Release|Win32
		{E2BAABEC-DDCE-2509-9B42-C679B2F20DE2}.Template|Win32.ActiveCfg = Template|Win32
		{E2BAABEC-DDCE-2509-9B42-C679B2F20DE2}.Template|Win32.Build.0 = Template|Win32
		{E0C3D79E-BCC9-4745-B857-6DFCCDF54311}.Debug|Win32.ActiveCfg = Debug|Win32
		{E0C3D79E-BCC9-4745-B857-6DFCCDF54311}.Debug|Win32.Build.0 = Debug|Win32
		{E0C3D79E-BCC9-4745-B857-6DFCCDF54311}.Release|Win32.ActiveCfg = Release|Win32
		{E0C3D79E-BCC9-4745-B857-6DFCCDF54311}.Release|Win32.Build.0 = Release|Win32
		{E0C3D79E-BCC9-4745-B857-6DFCCDF54311}.Template|Win32.ActiveCfg = Template|Win32
		{E0C3D79E-BCC9-4745-B857-6DFCCDF54311}.Template|Win32.Build.0 = Template|Win32
	EndGlobalSection
	GlobalSection(SolutionProperties) = preSolution
		HideSolutionNode = FALSE
	EndGlobalSection
EndGlobal
